
Microsoft Visual Studio Solution File, Format Version 12.00
# Visual Studio Version 17
VisualStudioVersion = 17.9.34616.47
MinimumVisualStudioVersion = 10.0.40219.1
Project("{FAE04EC0-301F-11D3-BF4B-00C04F79EFBC}") = "LogParserApp", "LogParserApp.csproj", "{E7942C8D-F8F8-425B-A357-B252631C169F}"
EndProject
Global
	GlobalSection(SolutionConfigurationPlatforms) = preSolution
		Debug|Any CPU = Debug|Any CPU
		Release|Any CPU = Release|Any CPU
	EndGlobalSection
	GlobalSection(ProjectConfigurationPlatforms) = postSolution
		{E7942C8D-F8F8-425B-A357-B252631C169F}.Debug|Any CPU.ActiveCfg = Debug|Any CPU
		{E7942C8D-F8F8-425B-A357-B252631C169F}.Debug|Any CPU.Build.0 = Debug|Any CPU
		{E7942C8D-F8F8-425B-A357-B252631C169F}.Release|Any CPU.ActiveCfg = Release|Any CPU
		{E7942C8D-F8F8-425B-A357-B252631C169F}.Release|Any CPU.Build.0 = Release|Any CPU
	EndGlobalSection
	GlobalSection(SolutionProperties) = preSolution
		HideSolutionNode = FALSE
	EndGlobalSection
	GlobalSection(ExtensibilityGlobals) = postSolution
		SolutionGuid = {DE7580EC-4F82-48EC-87F5-5A77ECE3A270}
	EndGlobalSection
EndGlobal
